// !$*UTF8*$!
{
	archiveVersion = 1;
	classes = {
	};
	objectVersion = 56;
	objects = {

/* Begin PBXBuildFile section */
		C821EEA42A879C7800918995 /* Logger in Frameworks */ = {isa = PBXBuildFile; productRef = C821EEA32A879C7800918995 /* Logger */; };
		C821EEA82A879CEF00918995 /* ID3 in Frameworks */ = {isa = PBXBuildFile; productRef = C821EEA72A879CEF00918995 /* ID3 */; };
		C83279B32A861E9700B4D229 /* Track.swift in Sources */ = {isa = PBXBuildFile; fileRef = C83279B22A861E9700B4D229 /* Track.swift */; };
		C8B520F32A84208300B4DB44 /* MuzloApp.swift in Sources */ = {isa = PBXBuildFile; fileRef = C8B520F22A84208300B4DB44 /* MuzloApp.swift */; };
		C8B520F72A84208700B4DB44 /* Assets.xcassets in Resources */ = {isa = PBXBuildFile; fileRef = C8B520F62A84208700B4DB44 /* Assets.xcassets */; };
		C8B521022A84213100B4DB44 /* PlayerView.swift in Sources */ = {isa = PBXBuildFile; fileRef = C8B521012A84213100B4DB44 /* PlayerView.swift */; };
/* End PBXBuildFile section */

/* Begin PBXFileReference section */
		C821EEA12A879C4000918995 /* Logger */ = {isa = PBXFileReference; lastKnownFileType = wrapper; path = Logger; sourceTree = "<group>"; };
		C821EEA52A879CB700918995 /* ID3 */ = {isa = PBXFileReference; lastKnownFileType = wrapper; path = ID3; sourceTree = "<group>"; };
		C83279B22A861E9700B4D229 /* Track.swift */ = {isa = PBXFileReference; lastKnownFileType = sourcecode.swift; path = Track.swift; sourceTree = "<group>"; };
		C8B520EF2A84208300B4DB44 /* Muzlo.app */ = {isa = PBXFileReference; explicitFileType = wrapper.application; includeInIndex = 0; path = Muzlo.app; sourceTree = BUILT_PRODUCTS_DIR; };
		C8B520F22A84208300B4DB44 /* MuzloApp.swift */ = {isa = PBXFileReference; lastKnownFileType = sourcecode.swift; path = MuzloApp.swift; sourceTree = "<group>"; };
		C8B520F62A84208700B4DB44 /* Assets.xcassets */ = {isa = PBXFileReference; lastKnownFileType = folder.assetcatalog; path = Assets.xcassets; sourceTree = "<group>"; };
		C8B520FB2A84208700B4DB44 /* Muzlo.entitlements */ = {isa = PBXFileReference; lastKnownFileType = text.plist.entitlements; path = Muzlo.entitlements; sourceTree = "<group>"; };
		C8B521012A84213100B4DB44 /* PlayerView.swift */ = {isa = PBXFileReference; lastKnownFileType = sourcecode.swift; path = PlayerView.swift; sourceTree = "<group>"; };
/* End PBXFileReference section */

/* Begin PBXFrameworksBuildPhase section */
		C8B520EC2A84208300B4DB44 /* Frameworks */ = {
			isa = PBXFrameworksBuildPhase;
			buildActionMask = 2147483647;
			files = (
				C821EEA42A879C7800918995 /* Logger in Frameworks */,
				C821EEA82A879CEF00918995 /* ID3 in Frameworks */,
			);
			runOnlyForDeploymentPostprocessing = 0;
		};
/* End PBXFrameworksBuildPhase section */

/* Begin PBXGroup section */
		C8B520E62A84208300B4DB44 = {
			isa = PBXGroup;
			children = (
				C821EEA12A879C4000918995 /* Logger */,
				C821EEA52A879CB700918995 /* ID3 */,
				C8B520F12A84208300B4DB44 /* Muzlo */,
				C8B520F02A84208300B4DB44 /* Products */,
			);
			sourceTree = "<group>";
		};
		C8B520F02A84208300B4DB44 /* Products */ = {
			isa = PBXGroup;
			children = (
				C8B520EF2A84208300B4DB44 /* Muzlo.app */,
			);
			name = Products;
			sourceTree = "<group>";
		};
		C8B520F12A84208300B4DB44 /* Muzlo */ = {
			isa = PBXGroup;
			children = (
				C8B520F22A84208300B4DB44 /* MuzloApp.swift */,
				C8B521012A84213100B4DB44 /* PlayerView.swift */,
				C83279B22A861E9700B4D229 /* Track.swift */,
				C8B520F62A84208700B4DB44 /* Assets.xcassets */,
				C8B520FB2A84208700B4DB44 /* Muzlo.entitlements */,
			);
			path = Muzlo;
			sourceTree = "<group>";
		};
/* End PBXGroup section */

/* Begin PBXNativeTarget section */
		C8B520EE2A84208300B4DB44 /* Muzlo */ = {
			isa = PBXNativeTarget;
			buildConfigurationList = C8B520FE2A84208700B4DB44 /* Build configuration list for PBXNativeTarget "Muzlo" */;
			buildPhases = (
				C8B520EB2A84208300B4DB44 /* Sources */,
				C8B520EC2A84208300B4DB44 /* Frameworks */,
				C8B520ED2A84208300B4DB44 /* Resources */,
			);
			buildRules = (
			);
			dependencies = (
			);
			name = Muzlo;
			packageProductDependencies = (
				C821EEA32A879C7800918995 /* Logger */,
				C821EEA72A879CEF00918995 /* ID3 */,
			);
			productName = Muzlo;
			productReference = C8B520EF2A84208300B4DB44 /* Muzlo.app */;
			productType = "com.apple.product-type.application";
		};
/* End PBXNativeTarget section */

/* Begin PBXProject section */
		C8B520E72A84208300B4DB44 /* Project object */ = {
			isa = PBXProject;
			attributes = {
				BuildIndependentTargetsInParallel = 1;
				LastSwiftUpdateCheck = 1430;
				LastUpgradeCheck = 1430;
				TargetAttributes = {
					C8B520EE2A84208300B4DB44 = {
						CreatedOnToolsVersion = 14.3.1;
					};
				};
			};
			buildConfigurationList = C8B520EA2A84208300B4DB44 /* Build configuration list for PBXProject "Muzlo" */;
			compatibilityVersion = "Xcode 14.0";
			developmentRegion = en;
			hasScannedForEncodings = 0;
			knownRegions = (
				en,
				Base,
			);
			mainGroup = C8B520E62A84208300B4DB44;
			productRefGroup = C8B520F02A84208300B4DB44 /* Products */;
			projectDirPath = "";
			projectRoot = "";
			targets = (
				C8B520EE2A84208300B4DB44 /* Muzlo */,
			);
		};
/* End PBXProject section */

/* Begin PBXResourcesBuildPhase section */
		C8B520ED2A84208300B4DB44 /* Resources */ = {
			isa = PBXResourcesBuildPhase;
			buildActionMask = 2147483647;
			files = (
				C8B520F72A84208700B4DB44 /* Assets.xcassets in Resources */,
			);
			runOnlyForDeploymentPostprocessing = 0;
		};
/* End PBXResourcesBuildPhase section */

/* Begin PBXSourcesBuildPhase section */
		C8B520EB2A84208300B4DB44 /* Sources */ = {
			isa = PBXSourcesBuildPhase;
			buildActionMask = 2147483647;
			files = (
				C83279B32A861E9700B4D229 /* Track.swift in Sources */,
				C8B521022A84213100B4DB44 /* PlayerView.swift in Sources */,
				C8B520F32A84208300B4DB44 /* MuzloApp.swift in Sources */,
			);
			runOnlyForDeploymentPostprocessing = 0;
		};
/* End PBXSourcesBuildPhase section */

/* Begin XCBuildConfiguration section */
		C8B520FC2A84208700B4DB44 /* Debug */ = {
			isa = XCBuildConfiguration;
			buildSettings = {
				ALWAYS_SEARCH_USER_PATHS = NO;
				CLANG_ANALYZER_NONNULL = YES;
				CLANG_ANALYZER_NUMBER_OBJECT_CONVERSION = YES_AGGRESSIVE;
				CLANG_CXX_LANGUAGE_STANDARD = "gnu++20";
				CLANG_ENABLE_MODULES = YES;
				CLANG_ENABLE_OBJC_ARC = YES;
				CLANG_ENABLE_OBJC_WEAK = YES;
				CLANG_WARN_BLOCK_CAPTURE_AUTORELEASING = YES;
				CLANG_WARN_BOOL_CONVERSION = YES;
				CLANG_WARN_COMMA = YES;
				CLANG_WARN_CONSTANT_CONVERSION = YES;
				CLANG_WARN_DEPRECATED_OBJC_IMPLEMENTATIONS = YES;
				CLANG_WARN_DIRECT_OBJC_ISA_USAGE = YES_ERROR;
				CLANG_WARN_DOCUMENTATION_COMMENTS = YES;
				CLANG_WARN_EMPTY_BODY = YES;
				CLANG_WARN_ENUM_CONVERSION = YES;
				CLANG_WARN_INFINITE_RECURSION = YES;
				CLANG_WARN_INT_CONVERSION = YES;
				CLANG_WARN_NON_LITERAL_NULL_CONVERSION = YES;
				CLANG_WARN_OBJC_IMPLICIT_RETAIN_SELF = YES;
				CLANG_WARN_OBJC_LITERAL_CONVERSION = YES;
				CLANG_WARN_OBJC_ROOT_CLASS = YES_ERROR;
				CLANG_WARN_QUOTED_INCLUDE_IN_FRAMEWORK_HEADER = YES;
				CLANG_WARN_RANGE_LOOP_ANALYSIS = YES;
				CLANG_WARN_STRICT_PROTOTYPES = YES;
				CLANG_WARN_SUSPICIOUS_MOVE = YES;
				CLANG_WARN_UNGUARDED_AVAILABILITY = YES_AGGRESSIVE;
				CLANG_WARN_UNREACHABLE_CODE = YES;
				CLANG_WARN__DUPLICATE_METHOD_MATCH = YES;
				COPY_PHASE_STRIP = NO;
				DEBUG_INFORMATION_FORMAT = dwarf;
				ENABLE_STRICT_OBJC_MSGSEND = YES;
				ENABLE_TESTABILITY = YES;
				GCC_C_LANGUAGE_STANDARD = gnu11;
				GCC_DYNAMIC_NO_PIC = NO;
				GCC_NO_COMMON_BLOCKS = YES;
				GCC_OPTIMIZATION_LEVEL = 0;
				GCC_PREPROCESSOR_DEFINITIONS = (
					"DEBUG=1",
					"$(inherited)",
				);
				GCC_WARN_64_TO_32_BIT_CONVERSION = YES;
				GCC_WARN_ABOUT_RETURN_TYPE = YES_ERROR;
				GCC_WARN_UNDECLARED_SELECTOR = YES;
				GCC_WARN_UNINITIALIZED_AUTOS = YES_AGGRESSIVE;
				GCC_WARN_UNUSED_FUNCTION = YES;
				GCC_WARN_UNUSED_VARIABLE = YES;
				MACOSX_DEPLOYMENT_TARGET = 13.3;
				MTL_ENABLE_DEBUG_INFO = INCLUDE_SOURCE;
				MTL_FAST_MATH = YES;
				ONLY_ACTIVE_ARCH = YES;
				SDKROOT = macosx;
				SWIFT_ACTIVE_COMPILATION_CONDITIONS = DEBUG;
				SWIFT_OPTIMIZATION_LEVEL = "-Onone";
			};
			name = Debug;
		};
		C8B520FD2A84208700B4DB44 /* Release */ = {
			isa = XCBuildConfiguration;
			buildSettings = {
				ALWAYS_SEARCH_USER_PATHS = NO;
				CLANG_ANALYZER_NONNULL = YES;
				CLANG_ANALYZER_NUMBER_OBJECT_CONVERSION = YES_AGGRESSIVE;
				CLANG_CXX_LANGUAGE_STANDARD = "gnu++20";
				CLANG_ENABLE_MODULES = YES;
				CLANG_ENABLE_OBJC_ARC = YES;
				CLANG_ENABLE_OBJC_WEAK = YES;
				CLANG_WARN_BLOCK_CAPTURE_AUTORELEASING = YES;
				CLANG_WARN_BOOL_CONVERSION = YES;
				CLANG_WARN_COMMA = YES;
				CLANG_WARN_CONSTANT_CONVERSION = YES;
				CLANG_WARN_DEPRECATED_OBJC_IMPLEMENTATIONS = YES;
				CLANG_WARN_DIRECT_OBJC_ISA_USAGE = YES_ERROR;
				CLANG_WARN_DOCUMENTATION_COMMENTS = YES;
				CLANG_WARN_EMPTY_BODY = YES;
				CLANG_WARN_ENUM_CONVERSION = YES;
				CLANG_WARN_INFINITE_RECURSION = YES;
				CLANG_WARN_INT_CONVERSION = YES;
				CLANG_WARN_NON_LITERAL_NULL_CONVERSION = YES;
				CLANG_WARN_OBJC_IMPLICIT_RETAIN_SELF = YES;
				CLANG_WARN_OBJC_LITERAL_CONVERSION = YES;
				CLANG_WARN_OBJC_ROOT_CLASS = YES_ERROR;
				CLANG_WARN_QUOTED_INCLUDE_IN_FRAMEWORK_HEADER = YES;
				CLANG_WARN_RANGE_LOOP_ANALYSIS = YES;
				CLANG_WARN_STRICT_PROTOTYPES = YES;
				CLANG_WARN_SUSPICIOUS_MOVE = YES;
				CLANG_WARN_UNGUARDED_AVAILABILITY = YES_AGGRESSIVE;
				CLANG_WARN_UNREACHABLE_CODE = YES;
				CLANG_WARN__DUPLICATE_METHOD_MATCH = YES;
				COPY_PHASE_STRIP = NO;
				DEBUG_INFORMATION_FORMAT = "dwarf-with-dsym";
				ENABLE_NS_ASSERTIONS = NO;
				ENABLE_STRICT_OBJC_MSGSEND = YES;
				GCC_C_LANGUAGE_STANDARD = gnu11;
				GCC_NO_COMMON_BLOCKS = YES;
				GCC_WARN_64_TO_32_BIT_CONVERSION = YES;
				GCC_WARN_ABOUT_RETURN_TYPE = YES_ERROR;
				GCC_WARN_UNDECLARED_SELECTOR = YES;
				GCC_WARN_UNINITIALIZED_AUTOS = YES_AGGRESSIVE;
				GCC_WARN_UNUSED_FUNCTION = YES;
				GCC_WARN_UNUSED_VARIABLE = YES;
				MACOSX_DEPLOYMENT_TARGET = 13.3;
				MTL_ENABLE_DEBUG_INFO = NO;
				MTL_FAST_MATH = YES;
				SDKROOT = macosx;
				SWIFT_COMPILATION_MODE = wholemodule;
				SWIFT_OPTIMIZATION_LEVEL = "-O";
			};
			name = Release;
		};
		C8B520FF2A84208700B4DB44 /* Debug */ = {
			isa = XCBuildConfiguration;
			buildSettings = {
				ASSETCATALOG_COMPILER_APPICON_NAME = AppIcon;
				CODE_SIGN_ENTITLEMENTS = Muzlo/Muzlo.entitlements;
				CODE_SIGN_STYLE = Automatic;
				COMBINE_HIDPI_IMAGES = YES;
				CURRENT_PROJECT_VERSION = 1;
				DEVELOPMENT_TEAM = W477DD4M7K;
				ENABLE_HARDENED_RUNTIME = YES;
				ENABLE_PREVIEWS = YES;
				GENERATE_INFOPLIST_FILE = YES;
				INFOPLIST_KEY_NSHumanReadableCopyright = "";
				INFOPLIST_KEY_NSSpeechRecognitionUsageDescription = "Распознование текстов музыки";
				LD_RUNPATH_SEARCH_PATHS = (
					"$(inherited)",
					"@executable_path/../Frameworks",
				);
				MARKETING_VERSION = 1.0;
				PRODUCT_BUNDLE_IDENTIFIER = com.webviewlab.Muzlo;
				PRODUCT_NAME = "$(TARGET_NAME)";
				SWIFT_EMIT_LOC_STRINGS = YES;
				SWIFT_VERSION = 5.0;
			};
			name = Debug;
		};
		C8B521002A84208700B4DB44 /* Release */ = {
			isa = XCBuildConfiguration;
			buildSettings = {
				ASSETCATALOG_COMPILER_APPICON_NAME = AppIcon;
				CODE_SIGN_ENTITLEMENTS = Muzlo/Muzlo.entitlements;
				CODE_SIGN_STYLE = Automatic;
				COMBINE_HIDPI_IMAGES = YES;
				CURRENT_PROJECT_VERSION = 1;
				DEVELOPMENT_TEAM = W477DD4M7K;
				ENABLE_HARDENED_RUNTIME = YES;
				ENABLE_PREVIEWS = YES;
				GENERATE_INFOPLIST_FILE = YES;
				INFOPLIST_KEY_NSHumanReadableCopyright = "";
				INFOPLIST_KEY_NSSpeechRecognitionUsageDescription = "Распознование текстов музыки";
				LD_RUNPATH_SEARCH_PATHS = (
					"$(inherited)",
					"@executable_path/../Frameworks",
				);
				MARKETING_VERSION = 1.0;
				PRODUCT_BUNDLE_IDENTIFIER = com.webviewlab.Muzlo;
				PRODUCT_NAME = "$(TARGET_NAME)";
				SWIFT_EMIT_LOC_STRINGS = YES;
				SWIFT_VERSION = 5.0;
			};
			name = Release;
		};
/* End XCBuildConfiguration section */

/* Begin XCConfigurationList section */
		C8B520EA2A84208300B4DB44 /* Build configuration list for PBXProject "Muzlo" */ = {
			isa = XCConfigurationList;
			buildConfigurations = (
				C8B520FC2A84208700B4DB44 /* Debug */,
				C8B520FD2A84208700B4DB44 /* Release */,
			);
			defaultConfigurationIsVisible = 0;
			defaultConfigurationName = Release;
		};
		C8B520FE2A84208700B4DB44 /* Build configuration list for PBXNativeTarget "Muzlo" */ = {
			isa = XCConfigurationList;
			buildConfigurations = (
				C8B520FF2A84208700B4DB44 /* Debug */,
				C8B521002A84208700B4DB44 /* Release */,
			);
			defaultConfigurationIsVisible = 0;
			defaultConfigurationName = Release;
		};
/* End XCConfigurationList section */

/* Begin XCSwiftPackageProductDependency section */
		C821EEA32A879C7800918995 /* Logger */ = {
			isa = XCSwiftPackageProductDependency;
			productName = Logger;
		};
		C821EEA72A879CEF00918995 /* ID3 */ = {
			isa = XCSwiftPackageProductDependency;
			productName = ID3;
		};
/* End XCSwiftPackageProductDependency section */
	};
	rootObject = C8B520E72A84208300B4DB44 /* Project object */;
}
