// !$*UTF8*$!
{
	archiveVersion = 1;
	classes = {
	};
	objectVersion = 56;
	objects = {

/* Begin PBXBuildFile section */
		C81F86D72A8815DC00801709 /* FileProvider.swift in Sources */ = {isa = PBXBuildFile; fileRef = C81F86D62A8815DC00801709 /* FileProvider.swift */; };
		C81F86D92A8815F900801709 /* Player.swift in Sources */ = {isa = PBXBuildFile; fileRef = C81F86D82A8815F900801709 /* Player.swift */; };
		C81F86DC2A893CC200801709 /* Assembly.swift in Sources */ = {isa = PBXBuildFile; fileRef = C81F86DB2A893CC200801709 /* Assembly.swift */; };
		C81F86DF2A893D0100801709 /* Swinject in Frameworks */ = {isa = PBXBuildFile; productRef = C81F86DE2A893D0100801709 /* Swinject */; };
		C81F86E52A893DA300801709 /* View+titlebar.swift in Sources */ = {isa = PBXBuildFile; fileRef = C81F86E42A893DA300801709 /* View+titlebar.swift */; };
		C81F86E92A8944B800801709 /* RootView.swift in Sources */ = {isa = PBXBuildFile; fileRef = C81F86E82A8944B800801709 /* RootView.swift */; };
		C81F86EB2A8946B000801709 /* Appearance.swift in Sources */ = {isa = PBXBuildFile; fileRef = C81F86EA2A8946B000801709 /* Appearance.swift */; };
		C81F86ED2A8946D500801709 /* Theme.swift in Sources */ = {isa = PBXBuildFile; fileRef = C81F86EC2A8946D500801709 /* Theme.swift */; };
		C81F86EF2A8946FB00801709 /* AppAssembly.swift in Sources */ = {isa = PBXBuildFile; fileRef = C81F86EE2A8946FB00801709 /* AppAssembly.swift */; };
		C81F86F12A894C2500801709 /* Constants.swift in Sources */ = {isa = PBXBuildFile; fileRef = C81F86F02A894C2500801709 /* Constants.swift */; };
		C81F86F32A894EE600801709 /* PlayerView.swift in Sources */ = {isa = PBXBuildFile; fileRef = C81F86F22A894EE600801709 /* PlayerView.swift */; };
		C81F86F52A89519900801709 /* RoundedBackground.swift in Sources */ = {isa = PBXBuildFile; fileRef = C81F86F42A89519900801709 /* RoundedBackground.swift */; };
		C821EEA42A879C7800918995 /* Logger in Frameworks */ = {isa = PBXBuildFile; productRef = C821EEA32A879C7800918995 /* Logger */; };
		C821EEA82A879CEF00918995 /* ID3 in Frameworks */ = {isa = PBXBuildFile; productRef = C821EEA72A879CEF00918995 /* ID3 */; };
		C83279B32A861E9700B4D229 /* Track.swift in Sources */ = {isa = PBXBuildFile; fileRef = C83279B22A861E9700B4D229 /* Track.swift */; };
		C87B40912A8BEA890029937F /* Asset.swift in Sources */ = {isa = PBXBuildFile; fileRef = C87B40902A8BEA890029937F /* Asset.swift */; };
		C87B40932A8BEABF0029937F /* PlainButton.swift in Sources */ = {isa = PBXBuildFile; fileRef = C87B40922A8BEABF0029937F /* PlainButton.swift */; };
		C87B40952A8BEB160029937F /* EnvironmentsValues.swift in Sources */ = {isa = PBXBuildFile; fileRef = C87B40942A8BEB160029937F /* EnvironmentsValues.swift */; };
		C87B40972A8BF86F0029937F /* View+frame.swift in Sources */ = {isa = PBXBuildFile; fileRef = C87B40962A8BF86F0029937F /* View+frame.swift */; };
		C87B409A2A8D4C430029937F /* Stack.swift in Sources */ = {isa = PBXBuildFile; fileRef = C87B40992A8D4C430029937F /* Stack.swift */; };
		C87B409E2A8D4EA90029937F /* Color+hex.swift in Sources */ = {isa = PBXBuildFile; fileRef = C87B409D2A8D4EA90029937F /* Color+hex.swift */; };
		C87B40A22A8D52A80029937F /* Startup.swift in Sources */ = {isa = PBXBuildFile; fileRef = C87B40A12A8D52A80029937F /* Startup.swift */; };
		C87B40A42A8D53140029937F /* TrackBuilder.swift in Sources */ = {isa = PBXBuildFile; fileRef = C87B40A32A8D53140029937F /* TrackBuilder.swift */; };
		C8B520F32A84208300B4DB44 /* MuzloApp.swift in Sources */ = {isa = PBXBuildFile; fileRef = C8B520F22A84208300B4DB44 /* MuzloApp.swift */; };
		C8B520F72A84208700B4DB44 /* Assets.xcassets in Resources */ = {isa = PBXBuildFile; fileRef = C8B520F62A84208700B4DB44 /* Assets.xcassets */; };
		C8B521022A84213100B4DB44 /* TrackListView.swift in Sources */ = {isa = PBXBuildFile; fileRef = C8B521012A84213100B4DB44 /* TrackListView.swift */; };
		C8B770A52A8E3FC8009C34D2 /* QueuePlayer.swift in Sources */ = {isa = PBXBuildFile; fileRef = C8B770A42A8E3FC8009C34D2 /* QueuePlayer.swift */; };
		C8B770A72A8E400C009C34D2 /* RadioPlayer.swift in Sources */ = {isa = PBXBuildFile; fileRef = C8B770A62A8E400C009C34D2 /* RadioPlayer.swift */; };
		C8B770A92A8E4216009C34D2 /* Playback.swift in Sources */ = {isa = PBXBuildFile; fileRef = C8B770A82A8E4216009C34D2 /* Playback.swift */; };
		C8B770AC2A8E6A61009C34D2 /* Time+toString.swift in Sources */ = {isa = PBXBuildFile; fileRef = C8B770AB2A8E6A61009C34D2 /* Time+toString.swift */; };
		C8B770AE2A8E6A7A009C34D2 /* String+Interpolation.swift in Sources */ = {isa = PBXBuildFile; fileRef = C8B770AD2A8E6A7A009C34D2 /* String+Interpolation.swift */; };
/* End PBXBuildFile section */

/* Begin PBXFileReference section */
		C81F86D62A8815DC00801709 /* FileProvider.swift */ = {isa = PBXFileReference; lastKnownFileType = sourcecode.swift; path = FileProvider.swift; sourceTree = "<group>"; };
		C81F86D82A8815F900801709 /* Player.swift */ = {isa = PBXFileReference; lastKnownFileType = sourcecode.swift; path = Player.swift; sourceTree = "<group>"; };
		C81F86DB2A893CC200801709 /* Assembly.swift */ = {isa = PBXFileReference; fileEncoding = 4; lastKnownFileType = sourcecode.swift; path = Assembly.swift; sourceTree = "<group>"; };
		C81F86E42A893DA300801709 /* View+titlebar.swift */ = {isa = PBXFileReference; lastKnownFileType = sourcecode.swift; path = "View+titlebar.swift"; sourceTree = "<group>"; };
		C81F86E82A8944B800801709 /* RootView.swift */ = {isa = PBXFileReference; lastKnownFileType = sourcecode.swift; path = RootView.swift; sourceTree = "<group>"; };
		C81F86EA2A8946B000801709 /* Appearance.swift */ = {isa = PBXFileReference; lastKnownFileType = sourcecode.swift; path = Appearance.swift; sourceTree = "<group>"; };
		C81F86EC2A8946D500801709 /* Theme.swift */ = {isa = PBXFileReference; lastKnownFileType = sourcecode.swift; path = Theme.swift; sourceTree = "<group>"; };
		C81F86EE2A8946FB00801709 /* AppAssembly.swift */ = {isa = PBXFileReference; lastKnownFileType = sourcecode.swift; path = AppAssembly.swift; sourceTree = "<group>"; };
		C81F86F02A894C2500801709 /* Constants.swift */ = {isa = PBXFileReference; lastKnownFileType = sourcecode.swift; path = Constants.swift; sourceTree = "<group>"; };
		C81F86F22A894EE600801709 /* PlayerView.swift */ = {isa = PBXFileReference; lastKnownFileType = sourcecode.swift; path = PlayerView.swift; sourceTree = "<group>"; };
		C81F86F42A89519900801709 /* RoundedBackground.swift */ = {isa = PBXFileReference; lastKnownFileType = sourcecode.swift; path = RoundedBackground.swift; sourceTree = "<group>"; };
		C821EEA12A879C4000918995 /* Logger */ = {isa = PBXFileReference; lastKnownFileType = wrapper; path = Logger; sourceTree = "<group>"; };
		C821EEA52A879CB700918995 /* ID3 */ = {isa = PBXFileReference; lastKnownFileType = wrapper; path = ID3; sourceTree = "<group>"; };
		C83279B22A861E9700B4D229 /* Track.swift */ = {isa = PBXFileReference; lastKnownFileType = sourcecode.swift; path = Track.swift; sourceTree = "<group>"; };
		C87B40902A8BEA890029937F /* Asset.swift */ = {isa = PBXFileReference; lastKnownFileType = sourcecode.swift; path = Asset.swift; sourceTree = "<group>"; };
		C87B40922A8BEABF0029937F /* PlainButton.swift */ = {isa = PBXFileReference; lastKnownFileType = sourcecode.swift; path = PlainButton.swift; sourceTree = "<group>"; };
		C87B40942A8BEB160029937F /* EnvironmentsValues.swift */ = {isa = PBXFileReference; lastKnownFileType = sourcecode.swift; path = EnvironmentsValues.swift; sourceTree = "<group>"; };
		C87B40962A8BF86F0029937F /* View+frame.swift */ = {isa = PBXFileReference; lastKnownFileType = sourcecode.swift; path = "View+frame.swift"; sourceTree = "<group>"; };
		C87B40992A8D4C430029937F /* Stack.swift */ = {isa = PBXFileReference; lastKnownFileType = sourcecode.swift; path = Stack.swift; sourceTree = "<group>"; };
		C87B409D2A8D4EA90029937F /* Color+hex.swift */ = {isa = PBXFileReference; lastKnownFileType = sourcecode.swift; path = "Color+hex.swift"; sourceTree = "<group>"; };
		C87B40A12A8D52A80029937F /* Startup.swift */ = {isa = PBXFileReference; lastKnownFileType = sourcecode.swift; path = Startup.swift; sourceTree = "<group>"; };
		C87B40A32A8D53140029937F /* TrackBuilder.swift */ = {isa = PBXFileReference; lastKnownFileType = sourcecode.swift; path = TrackBuilder.swift; sourceTree = "<group>"; };
		C8B520EF2A84208300B4DB44 /* Muzlo.app */ = {isa = PBXFileReference; explicitFileType = wrapper.application; includeInIndex = 0; path = Muzlo.app; sourceTree = BUILT_PRODUCTS_DIR; };
		C8B520F22A84208300B4DB44 /* MuzloApp.swift */ = {isa = PBXFileReference; lastKnownFileType = sourcecode.swift; path = MuzloApp.swift; sourceTree = "<group>"; };
		C8B520F62A84208700B4DB44 /* Assets.xcassets */ = {isa = PBXFileReference; lastKnownFileType = folder.assetcatalog; path = Assets.xcassets; sourceTree = "<group>"; };
		C8B520FB2A84208700B4DB44 /* Muzlo.entitlements */ = {isa = PBXFileReference; lastKnownFileType = text.plist.entitlements; path = Muzlo.entitlements; sourceTree = "<group>"; };
		C8B521012A84213100B4DB44 /* TrackListView.swift */ = {isa = PBXFileReference; lastKnownFileType = sourcecode.swift; path = TrackListView.swift; sourceTree = "<group>"; };
		C8B770A42A8E3FC8009C34D2 /* QueuePlayer.swift */ = {isa = PBXFileReference; lastKnownFileType = sourcecode.swift; path = QueuePlayer.swift; sourceTree = "<group>"; };
		C8B770A62A8E400C009C34D2 /* RadioPlayer.swift */ = {isa = PBXFileReference; lastKnownFileType = sourcecode.swift; path = RadioPlayer.swift; sourceTree = "<group>"; };
		C8B770A82A8E4216009C34D2 /* Playback.swift */ = {isa = PBXFileReference; lastKnownFileType = sourcecode.swift; path = Playback.swift; sourceTree = "<group>"; };
		C8B770AB2A8E6A61009C34D2 /* Time+toString.swift */ = {isa = PBXFileReference; lastKnownFileType = sourcecode.swift; path = "Time+toString.swift"; sourceTree = "<group>"; };
		C8B770AD2A8E6A7A009C34D2 /* String+Interpolation.swift */ = {isa = PBXFileReference; lastKnownFileType = sourcecode.swift; path = "String+Interpolation.swift"; sourceTree = "<group>"; };
/* End PBXFileReference section */

/* Begin PBXFrameworksBuildPhase section */
		C8B520EC2A84208300B4DB44 /* Frameworks */ = {
			isa = PBXFrameworksBuildPhase;
			buildActionMask = 2147483647;
			files = (
				C821EEA42A879C7800918995 /* Logger in Frameworks */,
				C821EEA82A879CEF00918995 /* ID3 in Frameworks */,
				C81F86DF2A893D0100801709 /* Swinject in Frameworks */,
			);
			runOnlyForDeploymentPostprocessing = 0;
		};
/* End PBXFrameworksBuildPhase section */

/* Begin PBXGroup section */
		C81F86E02A893D7800801709 /* Business Logic */ = {
			isa = PBXGroup;
			children = (
				C87B40A62A8D536E0029937F /* Appearance */,
				C87B40A52A8D53660029937F /* Player */,
				C81F86D62A8815DC00801709 /* FileProvider.swift */,
				C87B40A12A8D52A80029937F /* Startup.swift */,
				C87B40A32A8D53140029937F /* TrackBuilder.swift */,
				C8B770A82A8E4216009C34D2 /* Playback.swift */,
			);
			path = "Business Logic";
			sourceTree = "<group>";
		};
		C81F86E12A893D8000801709 /* Assembly */ = {
			isa = PBXGroup;
			children = (
				C81F86DB2A893CC200801709 /* Assembly.swift */,
				C81F86EE2A8946FB00801709 /* AppAssembly.swift */,
			);
			path = Assembly;
			sourceTree = "<group>";
		};
		C81F86E22A893D8D00801709 /* UI */ = {
			isa = PBXGroup;
			children = (
				C87B409B2A8D4E370029937F /* Common */,
				C81F86E82A8944B800801709 /* RootView.swift */,
				C81F86F22A894EE600801709 /* PlayerView.swift */,
				C8B521012A84213100B4DB44 /* TrackListView.swift */,
			);
			path = UI;
			sourceTree = "<group>";
		};
		C81F86E62A893E5A00801709 /* Utils */ = {
			isa = PBXGroup;
			children = (
				C8B770AA2A8E6A52009C34D2 /* Foundation */,
				C81F86E72A893E6000801709 /* SwiftUI */,
			);
			path = Utils;
			sourceTree = "<group>";
		};
		C81F86E72A893E6000801709 /* SwiftUI */ = {
			isa = PBXGroup;
			children = (
				C81F86E42A893DA300801709 /* View+titlebar.swift */,
				C87B40962A8BF86F0029937F /* View+frame.swift */,
				C87B40942A8BEB160029937F /* EnvironmentsValues.swift */,
				C87B409D2A8D4EA90029937F /* Color+hex.swift */,
			);
			path = SwiftUI;
			sourceTree = "<group>";
		};
		C87B40982A8D4C370029937F /* Entity */ = {
			isa = PBXGroup;
			children = (
				C87B40992A8D4C430029937F /* Stack.swift */,
			);
			path = Entity;
			sourceTree = "<group>";
		};
		C87B409B2A8D4E370029937F /* Common */ = {
			isa = PBXGroup;
			children = (
				C87B40922A8BEABF0029937F /* PlainButton.swift */,
				C81F86F02A894C2500801709 /* Constants.swift */,
				C81F86F42A89519900801709 /* RoundedBackground.swift */,
			);
			path = Common;
			sourceTree = "<group>";
		};
		C87B409C2A8D4E560029937F /* Resource */ = {
			isa = PBXGroup;
			children = (
				C87B40902A8BEA890029937F /* Asset.swift */,
			);
			path = Resource;
			sourceTree = "<group>";
		};
		C87B40A52A8D53660029937F /* Player */ = {
			isa = PBXGroup;
			children = (
				C81F86D82A8815F900801709 /* Player.swift */,
				C8B770A62A8E400C009C34D2 /* RadioPlayer.swift */,
				C8B770A42A8E3FC8009C34D2 /* QueuePlayer.swift */,
			);
			path = Player;
			sourceTree = "<group>";
		};
		C87B40A62A8D536E0029937F /* Appearance */ = {
			isa = PBXGroup;
			children = (
				C81F86EA2A8946B000801709 /* Appearance.swift */,
				C81F86EC2A8946D500801709 /* Theme.swift */,
			);
			path = Appearance;
			sourceTree = "<group>";
		};
		C8B520E62A84208300B4DB44 = {
			isa = PBXGroup;
			children = (
				C821EEA12A879C4000918995 /* Logger */,
				C821EEA52A879CB700918995 /* ID3 */,
				C8B520F12A84208300B4DB44 /* Muzlo */,
				C8B520F02A84208300B4DB44 /* Products */,
			);
			sourceTree = "<group>";
		};
		C8B520F02A84208300B4DB44 /* Products */ = {
			isa = PBXGroup;
			children = (
				C8B520EF2A84208300B4DB44 /* Muzlo.app */,
			);
			name = Products;
			sourceTree = "<group>";
		};
		C8B520F12A84208300B4DB44 /* Muzlo */ = {
			isa = PBXGroup;
			children = (
				C8B520F22A84208300B4DB44 /* MuzloApp.swift */,
				C81F86E12A893D8000801709 /* Assembly */,
				C81F86E02A893D7800801709 /* Business Logic */,
				C81F86E22A893D8D00801709 /* UI */,
				C87B40982A8D4C370029937F /* Entity */,
				C81F86E62A893E5A00801709 /* Utils */,
				C87B409C2A8D4E560029937F /* Resource */,
				C83279B22A861E9700B4D229 /* Track.swift */,
				C8B520F62A84208700B4DB44 /* Assets.xcassets */,
				C8B520FB2A84208700B4DB44 /* Muzlo.entitlements */,
			);
			path = Muzlo;
			sourceTree = "<group>";
		};
		C8B770AA2A8E6A52009C34D2 /* Foundation */ = {
			isa = PBXGroup;
			children = (
				C8B770AB2A8E6A61009C34D2 /* Time+toString.swift */,
				C8B770AD2A8E6A7A009C34D2 /* String+Interpolation.swift */,
			);
			path = Foundation;
			sourceTree = "<group>";
		};
/* End PBXGroup section */

/* Begin PBXNativeTarget section */
		C8B520EE2A84208300B4DB44 /* Muzlo */ = {
			isa = PBXNativeTarget;
			buildConfigurationList = C8B520FE2A84208700B4DB44 /* Build configuration list for PBXNativeTarget "Muzlo" */;
			buildPhases = (
				C8B520EB2A84208300B4DB44 /* Sources */,
				C8B520EC2A84208300B4DB44 /* Frameworks */,
				C8B520ED2A84208300B4DB44 /* Resources */,
			);
			buildRules = (
			);
			dependencies = (
			);
			name = Muzlo;
			packageProductDependencies = (
				C821EEA32A879C7800918995 /* Logger */,
				C821EEA72A879CEF00918995 /* ID3 */,
				C81F86DE2A893D0100801709 /* Swinject */,
			);
			productName = Muzlo;
			productReference = C8B520EF2A84208300B4DB44 /* Muzlo.app */;
			productType = "com.apple.product-type.application";
		};
/* End PBXNativeTarget section */

/* Begin PBXProject section */
		C8B520E72A84208300B4DB44 /* Project object */ = {
			isa = PBXProject;
			attributes = {
				BuildIndependentTargetsInParallel = 1;
				LastSwiftUpdateCheck = 1430;
				LastUpgradeCheck = 1430;
				TargetAttributes = {
					C8B520EE2A84208300B4DB44 = {
						CreatedOnToolsVersion = 14.3.1;
					};
				};
			};
			buildConfigurationList = C8B520EA2A84208300B4DB44 /* Build configuration list for PBXProject "Muzlo" */;
			compatibilityVersion = "Xcode 14.0";
			developmentRegion = en;
			hasScannedForEncodings = 0;
			knownRegions = (
				en,
				Base,
			);
			mainGroup = C8B520E62A84208300B4DB44;
			packageReferences = (
				C81F86DD2A893D0100801709 /* XCRemoteSwiftPackageReference "Swinject" */,
			);
			productRefGroup = C8B520F02A84208300B4DB44 /* Products */;
			projectDirPath = "";
			projectRoot = "";
			targets = (
				C8B520EE2A84208300B4DB44 /* Muzlo */,
			);
		};
/* End PBXProject section */

/* Begin PBXResourcesBuildPhase section */
		C8B520ED2A84208300B4DB44 /* Resources */ = {
			isa = PBXResourcesBuildPhase;
			buildActionMask = 2147483647;
			files = (
				C8B520F72A84208700B4DB44 /* Assets.xcassets in Resources */,
			);
			runOnlyForDeploymentPostprocessing = 0;
		};
/* End PBXResourcesBuildPhase section */

/* Begin PBXSourcesBuildPhase section */
		C8B520EB2A84208300B4DB44 /* Sources */ = {
			isa = PBXSourcesBuildPhase;
			buildActionMask = 2147483647;
			files = (
				C81F86E92A8944B800801709 /* RootView.swift in Sources */,
				C87B40A22A8D52A80029937F /* Startup.swift in Sources */,
				C87B409E2A8D4EA90029937F /* Color+hex.swift in Sources */,
				C81F86EB2A8946B000801709 /* Appearance.swift in Sources */,
				C81F86E52A893DA300801709 /* View+titlebar.swift in Sources */,
				C8B770A52A8E3FC8009C34D2 /* QueuePlayer.swift in Sources */,
				C81F86D72A8815DC00801709 /* FileProvider.swift in Sources */,
				C87B40A42A8D53140029937F /* TrackBuilder.swift in Sources */,
				C81F86DC2A893CC200801709 /* Assembly.swift in Sources */,
				C8B770AE2A8E6A7A009C34D2 /* String+Interpolation.swift in Sources */,
				C83279B32A861E9700B4D229 /* Track.swift in Sources */,
				C8B770AC2A8E6A61009C34D2 /* Time+toString.swift in Sources */,
				C87B40952A8BEB160029937F /* EnvironmentsValues.swift in Sources */,
				C81F86EF2A8946FB00801709 /* AppAssembly.swift in Sources */,
				C81F86F32A894EE600801709 /* PlayerView.swift in Sources */,
				C8B521022A84213100B4DB44 /* TrackListView.swift in Sources */,
				C81F86ED2A8946D500801709 /* Theme.swift in Sources */,
				C81F86D92A8815F900801709 /* Player.swift in Sources */,
				C81F86F52A89519900801709 /* RoundedBackground.swift in Sources */,
				C87B40932A8BEABF0029937F /* PlainButton.swift in Sources */,
				C8B770A72A8E400C009C34D2 /* RadioPlayer.swift in Sources */,
				C87B40912A8BEA890029937F /* Asset.swift in Sources */,
				C8B770A92A8E4216009C34D2 /* Playback.swift in Sources */,
				C8B520F32A84208300B4DB44 /* MuzloApp.swift in Sources */,
				C87B40972A8BF86F0029937F /* View+frame.swift in Sources */,
				C87B409A2A8D4C430029937F /* Stack.swift in Sources */,
				C81F86F12A894C2500801709 /* Constants.swift in Sources */,
			);
			runOnlyForDeploymentPostprocessing = 0;
		};
/* End PBXSourcesBuildPhase section */

/* Begin XCBuildConfiguration section */
		C8B520FC2A84208700B4DB44 /* Debug */ = {
			isa = XCBuildConfiguration;
			buildSettings = {
				ALWAYS_SEARCH_USER_PATHS = NO;
				CLANG_ANALYZER_NONNULL = YES;
				CLANG_ANALYZER_NUMBER_OBJECT_CONVERSION = YES_AGGRESSIVE;
				CLANG_CXX_LANGUAGE_STANDARD = "gnu++20";
				CLANG_ENABLE_MODULES = YES;
				CLANG_ENABLE_OBJC_ARC = YES;
				CLANG_ENABLE_OBJC_WEAK = YES;
				CLANG_WARN_BLOCK_CAPTURE_AUTORELEASING = YES;
				CLANG_WARN_BOOL_CONVERSION = YES;
				CLANG_WARN_COMMA = YES;
				CLANG_WARN_CONSTANT_CONVERSION = YES;
				CLANG_WARN_DEPRECATED_OBJC_IMPLEMENTATIONS = YES;
				CLANG_WARN_DIRECT_OBJC_ISA_USAGE = YES_ERROR;
				CLANG_WARN_DOCUMENTATION_COMMENTS = YES;
				CLANG_WARN_EMPTY_BODY = YES;
				CLANG_WARN_ENUM_CONVERSION = YES;
				CLANG_WARN_INFINITE_RECURSION = YES;
				CLANG_WARN_INT_CONVERSION = YES;
				CLANG_WARN_NON_LITERAL_NULL_CONVERSION = YES;
				CLANG_WARN_OBJC_IMPLICIT_RETAIN_SELF = YES;
				CLANG_WARN_OBJC_LITERAL_CONVERSION = YES;
				CLANG_WARN_OBJC_ROOT_CLASS = YES_ERROR;
				CLANG_WARN_QUOTED_INCLUDE_IN_FRAMEWORK_HEADER = YES;
				CLANG_WARN_RANGE_LOOP_ANALYSIS = YES;
				CLANG_WARN_STRICT_PROTOTYPES = YES;
				CLANG_WARN_SUSPICIOUS_MOVE = YES;
				CLANG_WARN_UNGUARDED_AVAILABILITY = YES_AGGRESSIVE;
				CLANG_WARN_UNREACHABLE_CODE = YES;
				CLANG_WARN__DUPLICATE_METHOD_MATCH = YES;
				COPY_PHASE_STRIP = NO;
				DEBUG_INFORMATION_FORMAT = dwarf;
				ENABLE_STRICT_OBJC_MSGSEND = YES;
				ENABLE_TESTABILITY = YES;
				GCC_C_LANGUAGE_STANDARD = gnu11;
				GCC_DYNAMIC_NO_PIC = NO;
				GCC_NO_COMMON_BLOCKS = YES;
				GCC_OPTIMIZATION_LEVEL = 0;
				GCC_PREPROCESSOR_DEFINITIONS = (
					"DEBUG=1",
					"$(inherited)",
				);
				GCC_WARN_64_TO_32_BIT_CONVERSION = YES;
				GCC_WARN_ABOUT_RETURN_TYPE = YES_ERROR;
				GCC_WARN_UNDECLARED_SELECTOR = YES;
				GCC_WARN_UNINITIALIZED_AUTOS = YES_AGGRESSIVE;
				GCC_WARN_UNUSED_FUNCTION = YES;
				GCC_WARN_UNUSED_VARIABLE = YES;
				MACOSX_DEPLOYMENT_TARGET = 13.3;
				MTL_ENABLE_DEBUG_INFO = INCLUDE_SOURCE;
				MTL_FAST_MATH = YES;
				ONLY_ACTIVE_ARCH = YES;
				SDKROOT = macosx;
				SWIFT_ACTIVE_COMPILATION_CONDITIONS = DEBUG;
				SWIFT_OPTIMIZATION_LEVEL = "-Onone";
			};
			name = Debug;
		};
		C8B520FD2A84208700B4DB44 /* Release */ = {
			isa = XCBuildConfiguration;
			buildSettings = {
				ALWAYS_SEARCH_USER_PATHS = NO;
				CLANG_ANALYZER_NONNULL = YES;
				CLANG_ANALYZER_NUMBER_OBJECT_CONVERSION = YES_AGGRESSIVE;
				CLANG_CXX_LANGUAGE_STANDARD = "gnu++20";
				CLANG_ENABLE_MODULES = YES;
				CLANG_ENABLE_OBJC_ARC = YES;
				CLANG_ENABLE_OBJC_WEAK = YES;
				CLANG_WARN_BLOCK_CAPTURE_AUTORELEASING = YES;
				CLANG_WARN_BOOL_CONVERSION = YES;
				CLANG_WARN_COMMA = YES;
				CLANG_WARN_CONSTANT_CONVERSION = YES;
				CLANG_WARN_DEPRECATED_OBJC_IMPLEMENTATIONS = YES;
				CLANG_WARN_DIRECT_OBJC_ISA_USAGE = YES_ERROR;
				CLANG_WARN_DOCUMENTATION_COMMENTS = YES;
				CLANG_WARN_EMPTY_BODY = YES;
				CLANG_WARN_ENUM_CONVERSION = YES;
				CLANG_WARN_INFINITE_RECURSION = YES;
				CLANG_WARN_INT_CONVERSION = YES;
				CLANG_WARN_NON_LITERAL_NULL_CONVERSION = YES;
				CLANG_WARN_OBJC_IMPLICIT_RETAIN_SELF = YES;
				CLANG_WARN_OBJC_LITERAL_CONVERSION = YES;
				CLANG_WARN_OBJC_ROOT_CLASS = YES_ERROR;
				CLANG_WARN_QUOTED_INCLUDE_IN_FRAMEWORK_HEADER = YES;
				CLANG_WARN_RANGE_LOOP_ANALYSIS = YES;
				CLANG_WARN_STRICT_PROTOTYPES = YES;
				CLANG_WARN_SUSPICIOUS_MOVE = YES;
				CLANG_WARN_UNGUARDED_AVAILABILITY = YES_AGGRESSIVE;
				CLANG_WARN_UNREACHABLE_CODE = YES;
				CLANG_WARN__DUPLICATE_METHOD_MATCH = YES;
				COPY_PHASE_STRIP = NO;
				DEBUG_INFORMATION_FORMAT = "dwarf-with-dsym";
				ENABLE_NS_ASSERTIONS = NO;
				ENABLE_STRICT_OBJC_MSGSEND = YES;
				GCC_C_LANGUAGE_STANDARD = gnu11;
				GCC_NO_COMMON_BLOCKS = YES;
				GCC_WARN_64_TO_32_BIT_CONVERSION = YES;
				GCC_WARN_ABOUT_RETURN_TYPE = YES_ERROR;
				GCC_WARN_UNDECLARED_SELECTOR = YES;
				GCC_WARN_UNINITIALIZED_AUTOS = YES_AGGRESSIVE;
				GCC_WARN_UNUSED_FUNCTION = YES;
				GCC_WARN_UNUSED_VARIABLE = YES;
				MACOSX_DEPLOYMENT_TARGET = 13.3;
				MTL_ENABLE_DEBUG_INFO = NO;
				MTL_FAST_MATH = YES;
				SDKROOT = macosx;
				SWIFT_COMPILATION_MODE = wholemodule;
				SWIFT_OPTIMIZATION_LEVEL = "-O";
			};
			name = Release;
		};
		C8B520FF2A84208700B4DB44 /* Debug */ = {
			isa = XCBuildConfiguration;
			buildSettings = {
				ASSETCATALOG_COMPILER_APPICON_NAME = AppIcon;
				CODE_SIGN_ENTITLEMENTS = Muzlo/Muzlo.entitlements;
				CODE_SIGN_STYLE = Automatic;
				COMBINE_HIDPI_IMAGES = YES;
				CURRENT_PROJECT_VERSION = 1;
				DEVELOPMENT_TEAM = W477DD4M7K;
				ENABLE_HARDENED_RUNTIME = YES;
				ENABLE_PREVIEWS = YES;
				GENERATE_INFOPLIST_FILE = YES;
				INFOPLIST_KEY_NSHumanReadableCopyright = "";
				INFOPLIST_KEY_NSSpeechRecognitionUsageDescription = "Распознование текстов музыки";
				LD_RUNPATH_SEARCH_PATHS = (
					"$(inherited)",
					"@executable_path/../Frameworks",
				);
				MARKETING_VERSION = 1.0;
				PRODUCT_BUNDLE_IDENTIFIER = com.webviewlab.Muzlo;
				PRODUCT_NAME = "$(TARGET_NAME)";
				SUPPORTED_PLATFORMS = "iphoneos iphonesimulator macosx";
				SUPPORTS_MACCATALYST = YES;
				SUPPORTS_MAC_DESIGNED_FOR_IPHONE_IPAD = NO;
				SWIFT_EMIT_LOC_STRINGS = YES;
				SWIFT_VERSION = 5.0;
				TARGETED_DEVICE_FAMILY = 2;
			};
			name = Debug;
		};
		C8B521002A84208700B4DB44 /* Release */ = {
			isa = XCBuildConfiguration;
			buildSettings = {
				ASSETCATALOG_COMPILER_APPICON_NAME = AppIcon;
				CODE_SIGN_ENTITLEMENTS = Muzlo/Muzlo.entitlements;
				CODE_SIGN_STYLE = Automatic;
				COMBINE_HIDPI_IMAGES = YES;
				CURRENT_PROJECT_VERSION = 1;
				DEVELOPMENT_TEAM = W477DD4M7K;
				ENABLE_HARDENED_RUNTIME = YES;
				ENABLE_PREVIEWS = YES;
				GENERATE_INFOPLIST_FILE = YES;
				INFOPLIST_KEY_NSHumanReadableCopyright = "";
				INFOPLIST_KEY_NSSpeechRecognitionUsageDescription = "Распознование текстов музыки";
				LD_RUNPATH_SEARCH_PATHS = (
					"$(inherited)",
					"@executable_path/../Frameworks",
				);
				MARKETING_VERSION = 1.0;
				PRODUCT_BUNDLE_IDENTIFIER = com.webviewlab.Muzlo;
				PRODUCT_NAME = "$(TARGET_NAME)";
				SUPPORTED_PLATFORMS = "iphoneos iphonesimulator macosx";
				SUPPORTS_MACCATALYST = YES;
				SUPPORTS_MAC_DESIGNED_FOR_IPHONE_IPAD = NO;
				SWIFT_EMIT_LOC_STRINGS = YES;
				SWIFT_VERSION = 5.0;
				TARGETED_DEVICE_FAMILY = 2;
			};
			name = Release;
		};
/* End XCBuildConfiguration section */

/* Begin XCConfigurationList section */
		C8B520EA2A84208300B4DB44 /* Build configuration list for PBXProject "Muzlo" */ = {
			isa = XCConfigurationList;
			buildConfigurations = (
				C8B520FC2A84208700B4DB44 /* Debug */,
				C8B520FD2A84208700B4DB44 /* Release */,
			);
			defaultConfigurationIsVisible = 0;
			defaultConfigurationName = Release;
		};
		C8B520FE2A84208700B4DB44 /* Build configuration list for PBXNativeTarget "Muzlo" */ = {
			isa = XCConfigurationList;
			buildConfigurations = (
				C8B520FF2A84208700B4DB44 /* Debug */,
				C8B521002A84208700B4DB44 /* Release */,
			);
			defaultConfigurationIsVisible = 0;
			defaultConfigurationName = Release;
		};
/* End XCConfigurationList section */

/* Begin XCRemoteSwiftPackageReference section */
		C81F86DD2A893D0100801709 /* XCRemoteSwiftPackageReference "Swinject" */ = {
			isa = XCRemoteSwiftPackageReference;
			repositoryURL = "https://github.com/Swinject/Swinject";
			requirement = {
				kind = upToNextMajorVersion;
				minimumVersion = 2.0.0;
			};
		};
/* End XCRemoteSwiftPackageReference section */

/* Begin XCSwiftPackageProductDependency section */
		C81F86DE2A893D0100801709 /* Swinject */ = {
			isa = XCSwiftPackageProductDependency;
			package = C81F86DD2A893D0100801709 /* XCRemoteSwiftPackageReference "Swinject" */;
			productName = Swinject;
		};
		C821EEA32A879C7800918995 /* Logger */ = {
			isa = XCSwiftPackageProductDependency;
			productName = Logger;
		};
		C821EEA72A879CEF00918995 /* ID3 */ = {
			isa = XCSwiftPackageProductDependency;
			productName = ID3;
		};
/* End XCSwiftPackageProductDependency section */
	};
	rootObject = C8B520E72A84208300B4DB44 /* Project object */;
}
